
Microsoft Visual Studio Solution File, Format Version 12.00
# Visual Studio Version 17
VisualStudioVersion = 17.11.35303.130
MinimumVisualStudioVersion = 10.0.40219.1
Project("{FAE04EC0-301F-11D3-BF4B-00C04F79EFBC}") = "orella", "orella.csproj", "{649F749C-809B-441A-8EDC-C009F5FE67CF}"
EndProject
Global
	GlobalSection(SolutionConfigurationPlatforms) = preSolution
		Debug|Any CPU = Debug|Any CPU
		Release|Any CPU = Release|Any CPU
	EndGlobalSection
	GlobalSection(ProjectConfigurationPlatforms) = postSolution
		{649F749C-809B-441A-8EDC-C009F5FE67CF}.Debug|Any CPU.ActiveCfg = Debug|Any CPU
		{649F749C-809B-441A-8EDC-C009F5FE67CF}.Debug|Any CPU.Build.0 = Debug|Any CPU
		{649F749C-809B-441A-8EDC-C009F5FE67CF}.Release|Any CPU.ActiveCfg = Release|Any CPU
		{649F749C-809B-441A-8EDC-C009F5FE67CF}.Release|Any CPU.Build.0 = Release|Any CPU
	EndGlobalSection
	GlobalSection(SolutionProperties) = preSolution
		HideSolutionNode = FALSE
	EndGlobalSection
	GlobalSection(ExtensibilityGlobals) = postSolution
		SolutionGuid = {AF451FF3-1721-4116-B04D-A49546AF1A63}
	EndGlobalSection
EndGlobal
